// !$*UTF8*$!
{
	archiveVersion = 1;
	classes = {
	};
	objectVersion = 50;
	objects = {

/* Begin PBXBuildFile section */
		D916BEED25A769B500876184 /* LoginViewController.swift in Sources */ = {isa = PBXBuildFile; fileRef = D916BEEC25A769B500876184 /* LoginViewController.swift */; };
		D916BEF725A76BD000876184 /* exclamation_mark.png in Resources */ = {isa = PBXBuildFile; fileRef = D916BEF525A76BCF00876184 /* exclamation_mark.png */; };
		D916BEF825A76BD000876184 /* launching_illustration.png in Resources */ = {isa = PBXBuildFile; fileRef = D916BEF625A76BD000876184 /* launching_illustration.png */; };
		D91BCE4525A75B26001B3A92 /* MainViewController.swift in Sources */ = {isa = PBXBuildFile; fileRef = D91BCE4425A75B26001B3A92 /* MainViewController.swift */; };
		D9887C2725A7329300169AFD /* AppDelegate.swift in Sources */ = {isa = PBXBuildFile; fileRef = D9887C2625A7329300169AFD /* AppDelegate.swift */; };
		D9887C2925A7329300169AFD /* SceneDelegate.swift in Sources */ = {isa = PBXBuildFile; fileRef = D9887C2825A7329300169AFD /* SceneDelegate.swift */; };
		D9887C2B25A7329300169AFD /* ViewController.swift in Sources */ = {isa = PBXBuildFile; fileRef = D9887C2A25A7329300169AFD /* ViewController.swift */; };
		D9887C2E25A7329300169AFD /* Main.storyboard in Resources */ = {isa = PBXBuildFile; fileRef = D9887C2C25A7329300169AFD /* Main.storyboard */; };
		D9887C3025A7329500169AFD /* Assets.xcassets in Resources */ = {isa = PBXBuildFile; fileRef = D9887C2F25A7329500169AFD /* Assets.xcassets */; };
		D9887C3325A7329500169AFD /* LaunchScreen.storyboard in Resources */ = {isa = PBXBuildFile; fileRef = D9887C3125A7329500169AFD /* LaunchScreen.storyboard */; };
/* End PBXBuildFile section */

/* Begin PBXFileReference section */
		D916BEEC25A769B500876184 /* LoginViewController.swift */ = {isa = PBXFileReference; lastKnownFileType = sourcecode.swift; path = LoginViewController.swift; sourceTree = "<group>"; };
		D916BEF525A76BCF00876184 /* exclamation_mark.png */ = {isa = PBXFileReference; lastKnownFileType = image.png; path = exclamation_mark.png; sourceTree = "<group>"; };
		D916BEF625A76BD000876184 /* launching_illustration.png */ = {isa = PBXFileReference; lastKnownFileType = image.png; path = launching_illustration.png; sourceTree = "<group>"; };
		D91BCE4425A75B26001B3A92 /* MainViewController.swift */ = {isa = PBXFileReference; lastKnownFileType = sourcecode.swift; path = MainViewController.swift; sourceTree = "<group>"; };
		D97005D625A88662006D228B /* NanumGothicCoding.ttf */ = {isa = PBXFileReference; lastKnownFileType = file; path = NanumGothicCoding.ttf; sourceTree = "<group>"; };
		D97005D725A88663006D228B /* NanumGothicCoding-Bold.ttf */ = {isa = PBXFileReference; lastKnownFileType = file; path = "NanumGothicCoding-Bold.ttf"; sourceTree = "<group>"; };
		D9887C2325A7329300169AFD /* PhilipTour.app */ = {isa = PBXFileReference; explicitFileType = wrapper.application; includeInIndex = 0; path = PhilipTour.app; sourceTree = BUILT_PRODUCTS_DIR; };
		D9887C2625A7329300169AFD /* AppDelegate.swift */ = {isa = PBXFileReference; lastKnownFileType = sourcecode.swift; path = AppDelegate.swift; sourceTree = "<group>"; };
		D9887C2825A7329300169AFD /* SceneDelegate.swift */ = {isa = PBXFileReference; lastKnownFileType = sourcecode.swift; path = SceneDelegate.swift; sourceTree = "<group>"; };
		D9887C2A25A7329300169AFD /* ViewController.swift */ = {isa = PBXFileReference; lastKnownFileType = sourcecode.swift; path = ViewController.swift; sourceTree = "<group>"; };
		D9887C2D25A7329300169AFD /* Base */ = {isa = PBXFileReference; lastKnownFileType = file.storyboard; name = Base; path = Base.lproj/Main.storyboard; sourceTree = "<group>"; };
		D9887C2F25A7329500169AFD /* Assets.xcassets */ = {isa = PBXFileReference; lastKnownFileType = folder.assetcatalog; path = Assets.xcassets; sourceTree = "<group>"; };
		D9887C3225A7329500169AFD /* Base */ = {isa = PBXFileReference; lastKnownFileType = file.storyboard; name = Base; path = Base.lproj/LaunchScreen.storyboard; sourceTree = "<group>"; };
		D9887C3425A7329500169AFD /* Info.plist */ = {isa = PBXFileReference; lastKnownFileType = text.plist.xml; path = Info.plist; sourceTree = "<group>"; };
/* End PBXFileReference section */

/* Begin PBXFrameworksBuildPhase section */
		D9887C2025A7329300169AFD /* Frameworks */ = {
			isa = PBXFrameworksBuildPhase;
			buildActionMask = 2147483647;
			files = (
			);
			runOnlyForDeploymentPostprocessing = 0;
		};
/* End PBXFrameworksBuildPhase section */

/* Begin PBXGroup section */
		D97005D525A88658006D228B /* Fonts */ = {
			isa = PBXGroup;
			children = (
				D97005D725A88663006D228B /* NanumGothicCoding-Bold.ttf */,
				D97005D625A88662006D228B /* NanumGothicCoding.ttf */,
			);
			path = Fonts;
			sourceTree = "<group>";
		};
		D9887C1A25A7329300169AFD = {
			isa = PBXGroup;
			children = (
				D9887C2525A7329300169AFD /* PhilipTour */,
				D9887C2425A7329300169AFD /* Products */,
			);
			sourceTree = "<group>";
		};
		D9887C2425A7329300169AFD /* Products */ = {
			isa = PBXGroup;
			children = (
				D9887C2325A7329300169AFD /* PhilipTour.app */,
			);
			name = Products;
			sourceTree = "<group>";
		};
		D9887C2525A7329300169AFD /* PhilipTour */ = {
			isa = PBXGroup;
			children = (
				D9887C3B25A732C200169AFD /* Resources */,
				D9887C2625A7329300169AFD /* AppDelegate.swift */,
				D9887C2825A7329300169AFD /* SceneDelegate.swift */,
				D9887C2A25A7329300169AFD /* ViewController.swift */,
				D9887C2C25A7329300169AFD /* Main.storyboard */,
				D9887C2F25A7329500169AFD /* Assets.xcassets */,
				D9887C3125A7329500169AFD /* LaunchScreen.storyboard */,
				D9887C3425A7329500169AFD /* Info.plist */,
				D91BCE4425A75B26001B3A92 /* MainViewController.swift */,
				D916BEEC25A769B500876184 /* LoginViewController.swift */,
			);
			path = PhilipTour;
			sourceTree = "<group>";
		};
		D9887C3B25A732C200169AFD /* Resources */ = {
			isa = PBXGroup;
			children = (
				D97005D525A88658006D228B /* Fonts */,
				D916BEF525A76BCF00876184 /* exclamation_mark.png */,
				D916BEF625A76BD000876184 /* launching_illustration.png */,
			);
			path = Resources;
			sourceTree = "<group>";
		};
/* End PBXGroup section */

/* Begin PBXNativeTarget section */
		D9887C2225A7329300169AFD /* PhilipTour */ = {
			isa = PBXNativeTarget;
			buildConfigurationList = D9887C3725A7329500169AFD /* Build configuration list for PBXNativeTarget "PhilipTour" */;
			buildPhases = (
				D9887C1F25A7329300169AFD /* Sources */,
				D9887C2025A7329300169AFD /* Frameworks */,
				D9887C2125A7329300169AFD /* Resources */,
			);
			buildRules = (
			);
			dependencies = (
			);
			name = PhilipTour;
			productName = PhilipTour;
			productReference = D9887C2325A7329300169AFD /* PhilipTour.app */;
			productType = "com.apple.product-type.application";
		};
/* End PBXNativeTarget section */

/* Begin PBXProject section */
		D9887C1B25A7329300169AFD /* Project object */ = {
			isa = PBXProject;
			attributes = {
				LastSwiftUpdateCheck = 1230;
				LastUpgradeCheck = 1230;
				TargetAttributes = {
					D9887C2225A7329300169AFD = {
						CreatedOnToolsVersion = 12.3;
					};
				};
			};
			buildConfigurationList = D9887C1E25A7329300169AFD /* Build configuration list for PBXProject "PhilipTour" */;
			compatibilityVersion = "Xcode 9.3";
			developmentRegion = en;
			hasScannedForEncodings = 0;
			knownRegions = (
				en,
				Base,
			);
			mainGroup = D9887C1A25A7329300169AFD;
			productRefGroup = D9887C2425A7329300169AFD /* Products */;
			projectDirPath = "";
			projectRoot = "";
			targets = (
				D9887C2225A7329300169AFD /* PhilipTour */,
			);
		};
/* End PBXProject section */

/* Begin PBXResourcesBuildPhase section */
		D9887C2125A7329300169AFD /* Resources */ = {
			isa = PBXResourcesBuildPhase;
			buildActionMask = 2147483647;
			files = (
				D9887C3325A7329500169AFD /* LaunchScreen.storyboard in Resources */,
				D916BEF825A76BD000876184 /* launching_illustration.png in Resources */,
				D9887C3025A7329500169AFD /* Assets.xcassets in Resources */,
				D916BEF725A76BD000876184 /* exclamation_mark.png in Resources */,
				D9887C2E25A7329300169AFD /* Main.storyboard in Resources */,
			);
			runOnlyForDeploymentPostprocessing = 0;
		};
/* End PBXResourcesBuildPhase section */

/* Begin PBXSourcesBuildPhase section */
		D9887C1F25A7329300169AFD /* Sources */ = {
			isa = PBXSourcesBuildPhase;
			buildActionMask = 2147483647;
			files = (
				D9887C2B25A7329300169AFD /* ViewController.swift in Sources */,
				D9887C2725A7329300169AFD /* AppDelegate.swift in Sources */,
				D9887C2925A7329300169AFD /* SceneDelegate.swift in Sources */,
				D916BEED25A769B500876184 /* LoginViewController.swift in Sources */,
				D91BCE4525A75B26001B3A92 /* MainViewController.swift in Sources */,
			);
			runOnlyForDeploymentPostprocessing = 0;
		};
/* End PBXSourcesBuildPhase section */

/* Begin PBXVariantGroup section */
		D9887C2C25A7329300169AFD /* Main.storyboard */ = {
			isa = PBXVariantGroup;
			children = (
				D9887C2D25A7329300169AFD /* Base */,
			);
			name = Main.storyboard;
			sourceTree = "<group>";
		};
		D9887C3125A7329500169AFD /* LaunchScreen.storyboard */ = {
			isa = PBXVariantGroup;
			children = (
				D9887C3225A7329500169AFD /* Base */,
			);
			name = LaunchScreen.storyboard;
			sourceTree = "<group>";
		};
/* End PBXVariantGroup section */

/* Begin XCBuildConfiguration section */
		D9887C3525A7329500169AFD /* Debug */ = {
			isa = XCBuildConfiguration;
			buildSettings = {
				ALWAYS_SEARCH_USER_PATHS = NO;
				CLANG_ANALYZER_NONNULL = YES;
				CLANG_ANALYZER_NUMBER_OBJECT_CONVERSION = YES_AGGRESSIVE;
				CLANG_CXX_LANGUAGE_STANDARD = "gnu++14";
				CLANG_CXX_LIBRARY = "libc++";
				CLANG_ENABLE_MODULES = YES;
				CLANG_ENABLE_OBJC_ARC = YES;
				CLANG_ENABLE_OBJC_WEAK = YES;
				CLANG_WARN_BLOCK_CAPTURE_AUTORELEASING = YES;
				CLANG_WARN_BOOL_CONVERSION = YES;
				CLANG_WARN_COMMA = YES;
				CLANG_WARN_CONSTANT_CONVERSION = YES;
				CLANG_WARN_DEPRECATED_OBJC_IMPLEMENTATIONS = YES;
				CLANG_WARN_DIRECT_OBJC_ISA_USAGE = YES_ERROR;
				CLANG_WARN_DOCUMENTATION_COMMENTS = YES;
				CLANG_WARN_EMPTY_BODY = YES;
				CLANG_WARN_ENUM_CONVERSION = YES;
				CLANG_WARN_INFINITE_RECURSION = YES;
				CLANG_WARN_INT_CONVERSION = YES;
				CLANG_WARN_NON_LITERAL_NULL_CONVERSION = YES;
				CLANG_WARN_OBJC_IMPLICIT_RETAIN_SELF = YES;
				CLANG_WARN_OBJC_LITERAL_CONVERSION = YES;
				CLANG_WARN_OBJC_ROOT_CLASS = YES_ERROR;
				CLANG_WARN_QUOTED_INCLUDE_IN_FRAMEWORK_HEADER = YES;
				CLANG_WARN_RANGE_LOOP_ANALYSIS = YES;
				CLANG_WARN_STRICT_PROTOTYPES = YES;
				CLANG_WARN_SUSPICIOUS_MOVE = YES;
				CLANG_WARN_UNGUARDED_AVAILABILITY = YES_AGGRESSIVE;
				CLANG_WARN_UNREACHABLE_CODE = YES;
				CLANG_WARN__DUPLICATE_METHOD_MATCH = YES;
				COPY_PHASE_STRIP = NO;
				DEBUG_INFORMATION_FORMAT = dwarf;
				ENABLE_STRICT_OBJC_MSGSEND = YES;
				ENABLE_TESTABILITY = YES;
				GCC_C_LANGUAGE_STANDARD = gnu11;
				GCC_DYNAMIC_NO_PIC = NO;
				GCC_NO_COMMON_BLOCKS = YES;
				GCC_OPTIMIZATION_LEVEL = 0;
				GCC_PREPROCESSOR_DEFINITIONS = (
					"DEBUG=1",
					"$(inherited)",
				);
				GCC_WARN_64_TO_32_BIT_CONVERSION = YES;
				GCC_WARN_ABOUT_RETURN_TYPE = YES_ERROR;
				GCC_WARN_UNDECLARED_SELECTOR = YES;
				GCC_WARN_UNINITIALIZED_AUTOS = YES_AGGRESSIVE;
				GCC_WARN_UNUSED_FUNCTION = YES;
				GCC_WARN_UNUSED_VARIABLE = YES;
				IPHONEOS_DEPLOYMENT_TARGET = 14.3;
				MTL_ENABLE_DEBUG_INFO = INCLUDE_SOURCE;
				MTL_FAST_MATH = YES;
				ONLY_ACTIVE_ARCH = YES;
				SDKROOT = iphoneos;
				SWIFT_ACTIVE_COMPILATION_CONDITIONS = DEBUG;
				SWIFT_OPTIMIZATION_LEVEL = "-Onone";
			};
			name = Debug;
		};
		D9887C3625A7329500169AFD /* Release */ = {
			isa = XCBuildConfiguration;
			buildSettings = {
				ALWAYS_SEARCH_USER_PATHS = NO;
				CLANG_ANALYZER_NONNULL = YES;
				CLANG_ANALYZER_NUMBER_OBJECT_CONVERSION = YES_AGGRESSIVE;
				CLANG_CXX_LANGUAGE_STANDARD = "gnu++14";
				CLANG_CXX_LIBRARY = "libc++";
				CLANG_ENABLE_MODULES = YES;
				CLANG_ENABLE_OBJC_ARC = YES;
				CLANG_ENABLE_OBJC_WEAK = YES;
				CLANG_WARN_BLOCK_CAPTURE_AUTORELEASING = YES;
				CLANG_WARN_BOOL_CONVERSION = YES;
				CLANG_WARN_COMMA = YES;
				CLANG_WARN_CONSTANT_CONVERSION = YES;
				CLANG_WARN_DEPRECATED_OBJC_IMPLEMENTATIONS = YES;
				CLANG_WARN_DIRECT_OBJC_ISA_USAGE = YES_ERROR;
				CLANG_WARN_DOCUMENTATION_COMMENTS = YES;
				CLANG_WARN_EMPTY_BODY = YES;
				CLANG_WARN_ENUM_CONVERSION = YES;
				CLANG_WARN_INFINITE_RECURSION = YES;
				CLANG_WARN_INT_CONVERSION = YES;
				CLANG_WARN_NON_LITERAL_NULL_CONVERSION = YES;
				CLANG_WARN_OBJC_IMPLICIT_RETAIN_SELF = YES;
				CLANG_WARN_OBJC_LITERAL_CONVERSION = YES;
				CLANG_WARN_OBJC_ROOT_CLASS = YES_ERROR;
				CLANG_WARN_QUOTED_INCLUDE_IN_FRAMEWORK_HEADER = YES;
				CLANG_WARN_RANGE_LOOP_ANALYSIS = YES;
				CLANG_WARN_STRICT_PROTOTYPES = YES;
				CLANG_WARN_SUSPICIOUS_MOVE = YES;
				CLANG_WARN_UNGUARDED_AVAILABILITY = YES_AGGRESSIVE;
				CLANG_WARN_UNREACHABLE_CODE = YES;
				CLANG_WARN__DUPLICATE_METHOD_MATCH = YES;
				COPY_PHASE_STRIP = NO;
				DEBUG_INFORMATION_FORMAT = "dwarf-with-dsym";
				ENABLE_NS_ASSERTIONS = NO;
				ENABLE_STRICT_OBJC_MSGSEND = YES;
				GCC_C_LANGUAGE_STANDARD = gnu11;
				GCC_NO_COMMON_BLOCKS = YES;
				GCC_WARN_64_TO_32_BIT_CONVERSION = YES;
				GCC_WARN_ABOUT_RETURN_TYPE = YES_ERROR;
				GCC_WARN_UNDECLARED_SELECTOR = YES;
				GCC_WARN_UNINITIALIZED_AUTOS = YES_AGGRESSIVE;
				GCC_WARN_UNUSED_FUNCTION = YES;
				GCC_WARN_UNUSED_VARIABLE = YES;
				IPHONEOS_DEPLOYMENT_TARGET = 14.3;
				MTL_ENABLE_DEBUG_INFO = NO;
				MTL_FAST_MATH = YES;
				SDKROOT = iphoneos;
				SWIFT_COMPILATION_MODE = wholemodule;
				SWIFT_OPTIMIZATION_LEVEL = "-O";
				VALIDATE_PRODUCT = YES;
			};
			name = Release;
		};
		D9887C3825A7329500169AFD /* Debug */ = {
			isa = XCBuildConfiguration;
			buildSettings = {
				ASSETCATALOG_COMPILER_APPICON_NAME = AppIcon;
				ASSETCATALOG_COMPILER_GLOBAL_ACCENT_COLOR_NAME = AccentColor;
				CODE_SIGN_STYLE = Automatic;
				DEVELOPMENT_TEAM = 2UH5C6VK65;
				INFOPLIST_FILE = PhilipTour/Info.plist;
				LD_RUNPATH_SEARCH_PATHS = (
					"$(inherited)",
					"@executable_path/Frameworks",
				);
				PRODUCT_BUNDLE_IDENTIFIER = com.toast.PhilipTour;
				PRODUCT_NAME = "$(TARGET_NAME)";
				SWIFT_VERSION = 5.0;
				TARGETED_DEVICE_FAMILY = "1,2";
			};
			name = Debug;
		};
		D9887C3925A7329500169AFD /* Release */ = {
			isa = XCBuildConfiguration;
			buildSettings = {
				ASSETCATALOG_COMPILER_APPICON_NAME = AppIcon;
				ASSETCATALOG_COMPILER_GLOBAL_ACCENT_COLOR_NAME = AccentColor;
				CODE_SIGN_STYLE = Automatic;
				DEVELOPMENT_TEAM = 2UH5C6VK65;
				INFOPLIST_FILE = PhilipTour/Info.plist;
				LD_RUNPATH_SEARCH_PATHS = (
					"$(inherited)",
					"@executable_path/Frameworks",
				);
				PRODUCT_BUNDLE_IDENTIFIER = com.toast.PhilipTour;
				PRODUCT_NAME = "$(TARGET_NAME)";
				SWIFT_VERSION = 5.0;
				TARGETED_DEVICE_FAMILY = "1,2";
			};
			name = Release;
		};
/* End XCBuildConfiguration section */

/* Begin XCConfigurationList section */
		D9887C1E25A7329300169AFD /* Build configuration list for PBXProject "PhilipTour" */ = {
			isa = XCConfigurationList;
			buildConfigurations = (
				D9887C3525A7329500169AFD /* Debug */,
				D9887C3625A7329500169AFD /* Release */,
			);
			defaultConfigurationIsVisible = 0;
			defaultConfigurationName = Release;
		};
		D9887C3725A7329500169AFD /* Build configuration list for PBXNativeTarget "PhilipTour" */ = {
			isa = XCConfigurationList;
			buildConfigurations = (
				D9887C3825A7329500169AFD /* Debug */,
				D9887C3925A7329500169AFD /* Release */,
			);
			defaultConfigurationIsVisible = 0;
			defaultConfigurationName = Release;
		};
/* End XCConfigurationList section */
	};
	rootObject = D9887C1B25A7329300169AFD /* Project object */;
}
